
Microsoft Visual Studio Solution File, Format Version 12.00
# Visual Studio 14
VisualStudioVersion = 14.0.25420.1
MinimumVisualStudioVersion = 10.0.40219.1
Project("{FAE04EC0-301F-11D3-BF4B-00C04F79EFBC}") = "FileSystemManager", "FileSystemManager\FileSystemManager.csproj", "{A45F7B94-7703-470A-A2B8-40C90E079E92}"
EndProject
Project("{FAE04EC0-301F-11D3-BF4B-00C04F79EFBC}") = "LegacyDbUpdateSystem.Core", "Core\LegacyDbUpdateSystem.Core\LegacyDbUpdateSystem.Core.csproj", "{ADABDE48-C3D0-4C10-B331-E80A92D832B1}"
EndProject
Project("{FAE04EC0-301F-11D3-BF4B-00C04F79EFBC}") = "LegacyDbUpdateSystem.Tests", "LegacyDbUpdateSystem.Tests\LegacyDbUpdateSystem.Tests\LegacyDbUpdateSystem.Tests.csproj", "{7C13B48D-88A4-4389-AB07-D30041EFF862}"
EndProject
Global
	GlobalSection(SolutionConfigurationPlatforms) = preSolution
		Debug|Any CPU = Debug|Any CPU
		Release|Any CPU = Release|Any CPU
	EndGlobalSection
	GlobalSection(ProjectConfigurationPlatforms) = postSolution
		{A45F7B94-7703-470A-A2B8-40C90E079E92}.Debug|Any CPU.ActiveCfg = Debug|Any CPU
		{A45F7B94-7703-470A-A2B8-40C90E079E92}.Debug|Any CPU.Build.0 = Debug|Any CPU
		{A45F7B94-7703-470A-A2B8-40C90E079E92}.Release|Any CPU.ActiveCfg = Release|Any CPU
		{A45F7B94-7703-470A-A2B8-40C90E079E92}.Release|Any CPU.Build.0 = Release|Any CPU
		{ADABDE48-C3D0-4C10-B331-E80A92D832B1}.Debug|Any CPU.ActiveCfg = Debug|Any CPU
		{ADABDE48-C3D0-4C10-B331-E80A92D832B1}.Debug|Any CPU.Build.0 = Debug|Any CPU
		{ADABDE48-C3D0-4C10-B331-E80A92D832B1}.Release|Any CPU.ActiveCfg = Release|Any CPU
		{ADABDE48-C3D0-4C10-B331-E80A92D832B1}.Release|Any CPU.Build.0 = Release|Any CPU
		{7C13B48D-88A4-4389-AB07-D30041EFF862}.Debug|Any CPU.ActiveCfg = Debug|Any CPU
		{7C13B48D-88A4-4389-AB07-D30041EFF862}.Debug|Any CPU.Build.0 = Debug|Any CPU
		{7C13B48D-88A4-4389-AB07-D30041EFF862}.Release|Any CPU.ActiveCfg = Release|Any CPU
		{7C13B48D-88A4-4389-AB07-D30041EFF862}.Release|Any CPU.Build.0 = Release|Any CPU
	EndGlobalSection
	GlobalSection(SolutionProperties) = preSolution
		HideSolutionNode = FALSE
	EndGlobalSection
EndGlobal
